
Microsoft Visual Studio Solution File, Format Version 12.00
# Visual Studio Version 16
VisualStudioVersion = 16.0.28922.388
MinimumVisualStudioVersion = 10.0.40219.1
Project("{9A19103F-16F7-4668-BE54-9A1E7A4F7556}") = "Darkspyre.DnD.Data", "Darkspyre.DnD.Data\Darkspyre.DnD.Data.csproj", "{E82208E9-0432-4AFF-A75A-BAE9F46DF497}"
EndProject
Project("{2150E333-8FDC-42A3-9474-1A3956D46DE8}") = "Converters", "Converters", "{21CF677B-73A2-4327-9AF4-2F536044A3AE}"
EndProject
Project("{9A19103F-16F7-4668-BE54-9A1E7A4F7556}") = "Darkspyre.Extensions", "Darkspyre.Extensions\Darkspyre.Extensions.csproj", "{65EC24B5-16CE-4773-AD73-0066A9CB9E76}"
EndProject
Project("{9A19103F-16F7-4668-BE54-9A1E7A4F7556}") = "Darkspyre.DnD.FantasyGrounds", "Darkspyre.DnD.FantasyGrounds\Darkspyre.DnD.FantasyGrounds.csproj", "{89FFD778-97B5-4E87-BEF6-7D515C5B4CE4}"
EndProject
Project("{9A19103F-16F7-4668-BE54-9A1E7A4F7556}") = "Darkspyre.Dnd.Shell", "Darkspyre.Dnd.Shell\Darkspyre.Dnd.Shell.csproj", "{A5958424-8D85-443E-8CC8-AD777B2D8277}"
EndProject
Project("{9A19103F-16F7-4668-BE54-9A1E7A4F7556}") = "Darkspyre.DnD.SpellTool.Win", "Darkspyre.DnD.SpellTool.Win\Darkspyre.DnD.SpellTool.Win.csproj", "{8D4513EA-1053-47B4-A83C-198A997780B9}"
EndProject
Project("{9A19103F-16F7-4668-BE54-9A1E7A4F7556}") = "Darkspyre.DnD.Interface", "Darkspyre.DnD.Common\Darkspyre.DnD.Interface.csproj", "{2B019BF5-7669-4D0D-BF95-C6577505928F}"
EndProject
Global
	GlobalSection(SolutionConfigurationPlatforms) = preSolution
		Debug|Any CPU = Debug|Any CPU
		Release|Any CPU = Release|Any CPU
	EndGlobalSection
	GlobalSection(ProjectConfigurationPlatforms) = postSolution
		{E82208E9-0432-4AFF-A75A-BAE9F46DF497}.Debug|Any CPU.ActiveCfg = Debug|Any CPU
		{E82208E9-0432-4AFF-A75A-BAE9F46DF497}.Debug|Any CPU.Build.0 = Debug|Any CPU
		{E82208E9-0432-4AFF-A75A-BAE9F46DF497}.Release|Any CPU.ActiveCfg = Release|Any CPU
		{E82208E9-0432-4AFF-A75A-BAE9F46DF497}.Release|Any CPU.Build.0 = Release|Any CPU
		{65EC24B5-16CE-4773-AD73-0066A9CB9E76}.Debug|Any CPU.ActiveCfg = Debug|Any CPU
		{65EC24B5-16CE-4773-AD73-0066A9CB9E76}.Debug|Any CPU.Build.0 = Debug|Any CPU
		{65EC24B5-16CE-4773-AD73-0066A9CB9E76}.Release|Any CPU.ActiveCfg = Release|Any CPU
		{65EC24B5-16CE-4773-AD73-0066A9CB9E76}.Release|Any CPU.Build.0 = Release|Any CPU
		{89FFD778-97B5-4E87-BEF6-7D515C5B4CE4}.Debug|Any CPU.ActiveCfg = Debug|Any CPU
		{89FFD778-97B5-4E87-BEF6-7D515C5B4CE4}.Debug|Any CPU.Build.0 = Debug|Any CPU
		{89FFD778-97B5-4E87-BEF6-7D515C5B4CE4}.Release|Any CPU.ActiveCfg = Release|Any CPU
		{89FFD778-97B5-4E87-BEF6-7D515C5B4CE4}.Release|Any CPU.Build.0 = Release|Any CPU
		{A5958424-8D85-443E-8CC8-AD777B2D8277}.Debug|Any CPU.ActiveCfg = Debug|Any CPU
		{A5958424-8D85-443E-8CC8-AD777B2D8277}.Debug|Any CPU.Build.0 = Debug|Any CPU
		{A5958424-8D85-443E-8CC8-AD777B2D8277}.Release|Any CPU.ActiveCfg = Release|Any CPU
		{A5958424-8D85-443E-8CC8-AD777B2D8277}.Release|Any CPU.Build.0 = Release|Any CPU
		{8D4513EA-1053-47B4-A83C-198A997780B9}.Debug|Any CPU.ActiveCfg = Debug|Any CPU
		{8D4513EA-1053-47B4-A83C-198A997780B9}.Debug|Any CPU.Build.0 = Debug|Any CPU
		{8D4513EA-1053-47B4-A83C-198A997780B9}.Release|Any CPU.ActiveCfg = Release|Any CPU
		{8D4513EA-1053-47B4-A83C-198A997780B9}.Release|Any CPU.Build.0 = Release|Any CPU
		{2B019BF5-7669-4D0D-BF95-C6577505928F}.Debug|Any CPU.ActiveCfg = Debug|Any CPU
		{2B019BF5-7669-4D0D-BF95-C6577505928F}.Debug|Any CPU.Build.0 = Debug|Any CPU
		{2B019BF5-7669-4D0D-BF95-C6577505928F}.Release|Any CPU.ActiveCfg = Release|Any CPU
		{2B019BF5-7669-4D0D-BF95-C6577505928F}.Release|Any CPU.Build.0 = Release|Any CPU
	EndGlobalSection
	GlobalSection(SolutionProperties) = preSolution
		HideSolutionNode = FALSE
	EndGlobalSection
	GlobalSection(NestedProjects) = preSolution
		{89FFD778-97B5-4E87-BEF6-7D515C5B4CE4} = {21CF677B-73A2-4327-9AF4-2F536044A3AE}
	EndGlobalSection
	GlobalSection(ExtensibilityGlobals) = postSolution
		SolutionGuid = {F503FA04-BB9F-47EC-B2F8-A9AF94921550}
	EndGlobalSection
EndGlobal
